// !$*UTF8*$!
{
	archiveVersion = 1;
	classes = {
	};
	objectVersion = 50;
	objects = {

/* Begin PBXBuildFile section */
		9E794C782175FA83F1291D13 /* Pods_Venues.framework in Frameworks */ = {isa = PBXBuildFile; fileRef = 4A1F38E785753F71A6B4C0E4 /* Pods_Venues.framework */; };
		AA1E128F212AB39500F39DB8 /* EXUIViewController.swift in Sources */ = {isa = PBXBuildFile; fileRef = AA1E128E212AB39500F39DB8 /* EXUIViewController.swift */; };
		AA1E1291212AFB2700F39DB8 /* ExDouble.swift in Sources */ = {isa = PBXBuildFile; fileRef = AA1E1290212AFB2700F39DB8 /* ExDouble.swift */; };
		AA4FFC392122CBAB0007A08B /* Venue.swift in Sources */ = {isa = PBXBuildFile; fileRef = AA4FFC382122CBAB0007A08B /* Venue.swift */; };
		AA4FFC3B2122CDE60007A08B /* Contact.swift in Sources */ = {isa = PBXBuildFile; fileRef = AA4FFC3A2122CDE60007A08B /* Contact.swift */; };
		AA4FFC3D2122CED60007A08B /* Location.swift in Sources */ = {isa = PBXBuildFile; fileRef = AA4FFC3C2122CED60007A08B /* Location.swift */; };
		AA4FFC3F2122CFBF0007A08B /* Category.swift in Sources */ = {isa = PBXBuildFile; fileRef = AA4FFC3E2122CFBF0007A08B /* Category.swift */; };
		AA4FFC422122D0800007A08B /* Icon.swift in Sources */ = {isa = PBXBuildFile; fileRef = AA4FFC412122D0800007A08B /* Icon.swift */; };
		AA4FFC442122D0DA0007A08B /* Hours.swift in Sources */ = {isa = PBXBuildFile; fileRef = AA4FFC432122D0DA0007A08B /* Hours.swift */; };
		AA4FFC462122D1640007A08B /* VenueList.swift in Sources */ = {isa = PBXBuildFile; fileRef = AA4FFC452122D1640007A08B /* VenueList.swift */; };
		AA4FFC482122D2F80007A08B /* MapModels.swift in Sources */ = {isa = PBXBuildFile; fileRef = AA4FFC472122D2F80007A08B /* MapModels.swift */; };
		AA4FFC4A2122D30A0007A08B /* MapViewController.swift in Sources */ = {isa = PBXBuildFile; fileRef = AA4FFC492122D30A0007A08B /* MapViewController.swift */; };
		AA4FFC4C2122D32A0007A08B /* MapInteractor.swift in Sources */ = {isa = PBXBuildFile; fileRef = AA4FFC4B2122D32A0007A08B /* MapInteractor.swift */; };
		AA4FFC4E2122D33D0007A08B /* MapWorker.swift in Sources */ = {isa = PBXBuildFile; fileRef = AA4FFC4D2122D33D0007A08B /* MapWorker.swift */; };
		AA4FFC502122D3530007A08B /* MapPresenter.swift in Sources */ = {isa = PBXBuildFile; fileRef = AA4FFC4F2122D3530007A08B /* MapPresenter.swift */; };
		AA4FFC522122D36C0007A08B /* MapRouter.swift in Sources */ = {isa = PBXBuildFile; fileRef = AA4FFC512122D36C0007A08B /* MapRouter.swift */; };
		AA4FFC542122D3E00007A08B /* DetailsModel.swift in Sources */ = {isa = PBXBuildFile; fileRef = AA4FFC532122D3E00007A08B /* DetailsModel.swift */; };
		AA4FFC562122D3ED0007A08B /* DetailsViewController.swift in Sources */ = {isa = PBXBuildFile; fileRef = AA4FFC552122D3ED0007A08B /* DetailsViewController.swift */; };
		AA4FFC582122D3FC0007A08B /* DetailsInteractor.swift in Sources */ = {isa = PBXBuildFile; fileRef = AA4FFC572122D3FC0007A08B /* DetailsInteractor.swift */; };
		AA4FFC5A2122D4080007A08B /* DetailsWorker.swift in Sources */ = {isa = PBXBuildFile; fileRef = AA4FFC592122D4080007A08B /* DetailsWorker.swift */; };
		AA4FFC5C2122D4140007A08B /* DetailsPresenter.swift in Sources */ = {isa = PBXBuildFile; fileRef = AA4FFC5B2122D4140007A08B /* DetailsPresenter.swift */; };
		AA4FFC5E2122D41C0007A08B /* DetailsRouter.swift in Sources */ = {isa = PBXBuildFile; fileRef = AA4FFC5D2122D41C0007A08B /* DetailsRouter.swift */; };
		AA4FFC622123213D0007A08B /* APIManager.swift in Sources */ = {isa = PBXBuildFile; fileRef = AA4FFC612123213D0007A08B /* APIManager.swift */; };
		AA5E57322121BB0B00BA5449 /* AppDelegate.swift in Sources */ = {isa = PBXBuildFile; fileRef = AA5E57312121BB0B00BA5449 /* AppDelegate.swift */; };
		AA5E57372121BB0B00BA5449 /* Main.storyboard in Resources */ = {isa = PBXBuildFile; fileRef = AA5E57352121BB0B00BA5449 /* Main.storyboard */; };
		AA5E573C2121BB0F00BA5449 /* LaunchScreen.storyboard in Resources */ = {isa = PBXBuildFile; fileRef = AA5E573A2121BB0F00BA5449 /* LaunchScreen.storyboard */; };
		AACB1E9721256F3B00A51B4B /* ExMKMapView.swift in Sources */ = {isa = PBXBuildFile; fileRef = AACB1E9621256F3B00A51B4B /* ExMKMapView.swift */; };
		AACB1E9921256F8400A51B4B /* ExUIImage.swift in Sources */ = {isa = PBXBuildFile; fileRef = AACB1E9821256F8400A51B4B /* ExUIImage.swift */; };
		AACB1E9B2125778C00A51B4B /* ExUIView.swift in Sources */ = {isa = PBXBuildFile; fileRef = AACB1E9A2125778C00A51B4B /* ExUIView.swift */; };
		AACB1E9D21271A1800A51B4B /* UIColor.swift in Sources */ = {isa = PBXBuildFile; fileRef = AACB1E9C21271A1800A51B4B /* UIColor.swift */; };
		E7D5E1012124880700261725 /* CustomAnnotation.swift in Sources */ = {isa = PBXBuildFile; fileRef = E7D5E1002124880700261725 /* CustomAnnotation.swift */; };
		E7D5E10321249EB200261725 /* Assets.xcassets in Resources */ = {isa = PBXBuildFile; fileRef = E7D5E10221249EB200261725 /* Assets.xcassets */; };
/* End PBXBuildFile section */

/* Begin PBXFileReference section */
		356EEBAFB954359785DDF68B /* Pods-Venues.release.xcconfig */ = {isa = PBXFileReference; includeInIndex = 1; lastKnownFileType = text.xcconfig; name = "Pods-Venues.release.xcconfig"; path = "Pods/Target Support Files/Pods-Venues/Pods-Venues.release.xcconfig"; sourceTree = "<group>"; };
		4A1F38E785753F71A6B4C0E4 /* Pods_Venues.framework */ = {isa = PBXFileReference; explicitFileType = wrapper.framework; includeInIndex = 0; path = Pods_Venues.framework; sourceTree = BUILT_PRODUCTS_DIR; };
		AA1E128E212AB39500F39DB8 /* EXUIViewController.swift */ = {isa = PBXFileReference; lastKnownFileType = sourcecode.swift; path = EXUIViewController.swift; sourceTree = "<group>"; };
		AA1E1290212AFB2700F39DB8 /* ExDouble.swift */ = {isa = PBXFileReference; lastKnownFileType = sourcecode.swift; path = ExDouble.swift; sourceTree = "<group>"; };
		AA4FFC382122CBAB0007A08B /* Venue.swift */ = {isa = PBXFileReference; lastKnownFileType = sourcecode.swift; path = Venue.swift; sourceTree = "<group>"; };
		AA4FFC3A2122CDE60007A08B /* Contact.swift */ = {isa = PBXFileReference; lastKnownFileType = sourcecode.swift; path = Contact.swift; sourceTree = "<group>"; };
		AA4FFC3C2122CED60007A08B /* Location.swift */ = {isa = PBXFileReference; lastKnownFileType = sourcecode.swift; path = Location.swift; sourceTree = "<group>"; };
		AA4FFC3E2122CFBF0007A08B /* Category.swift */ = {isa = PBXFileReference; lastKnownFileType = sourcecode.swift; path = Category.swift; sourceTree = "<group>"; };
		AA4FFC412122D0800007A08B /* Icon.swift */ = {isa = PBXFileReference; lastKnownFileType = sourcecode.swift; path = Icon.swift; sourceTree = "<group>"; };
		AA4FFC432122D0DA0007A08B /* Hours.swift */ = {isa = PBXFileReference; lastKnownFileType = sourcecode.swift; path = Hours.swift; sourceTree = "<group>"; };
		AA4FFC452122D1640007A08B /* VenueList.swift */ = {isa = PBXFileReference; lastKnownFileType = sourcecode.swift; path = VenueList.swift; sourceTree = "<group>"; };
		AA4FFC472122D2F80007A08B /* MapModels.swift */ = {isa = PBXFileReference; lastKnownFileType = sourcecode.swift; path = MapModels.swift; sourceTree = "<group>"; };
		AA4FFC492122D30A0007A08B /* MapViewController.swift */ = {isa = PBXFileReference; lastKnownFileType = sourcecode.swift; path = MapViewController.swift; sourceTree = "<group>"; };
		AA4FFC4B2122D32A0007A08B /* MapInteractor.swift */ = {isa = PBXFileReference; lastKnownFileType = sourcecode.swift; path = MapInteractor.swift; sourceTree = "<group>"; };
		AA4FFC4D2122D33D0007A08B /* MapWorker.swift */ = {isa = PBXFileReference; lastKnownFileType = sourcecode.swift; path = MapWorker.swift; sourceTree = "<group>"; };
		AA4FFC4F2122D3530007A08B /* MapPresenter.swift */ = {isa = PBXFileReference; lastKnownFileType = sourcecode.swift; path = MapPresenter.swift; sourceTree = "<group>"; };
		AA4FFC512122D36C0007A08B /* MapRouter.swift */ = {isa = PBXFileReference; lastKnownFileType = sourcecode.swift; path = MapRouter.swift; sourceTree = "<group>"; };
		AA4FFC532122D3E00007A08B /* DetailsModel.swift */ = {isa = PBXFileReference; lastKnownFileType = sourcecode.swift; path = DetailsModel.swift; sourceTree = "<group>"; };
		AA4FFC552122D3ED0007A08B /* DetailsViewController.swift */ = {isa = PBXFileReference; lastKnownFileType = sourcecode.swift; path = DetailsViewController.swift; sourceTree = "<group>"; };
		AA4FFC572122D3FC0007A08B /* DetailsInteractor.swift */ = {isa = PBXFileReference; lastKnownFileType = sourcecode.swift; path = DetailsInteractor.swift; sourceTree = "<group>"; };
		AA4FFC592122D4080007A08B /* DetailsWorker.swift */ = {isa = PBXFileReference; lastKnownFileType = sourcecode.swift; path = DetailsWorker.swift; sourceTree = "<group>"; };
		AA4FFC5B2122D4140007A08B /* DetailsPresenter.swift */ = {isa = PBXFileReference; lastKnownFileType = sourcecode.swift; path = DetailsPresenter.swift; sourceTree = "<group>"; };
		AA4FFC5D2122D41C0007A08B /* DetailsRouter.swift */ = {isa = PBXFileReference; lastKnownFileType = sourcecode.swift; path = DetailsRouter.swift; sourceTree = "<group>"; };
		AA4FFC612123213D0007A08B /* APIManager.swift */ = {isa = PBXFileReference; lastKnownFileType = sourcecode.swift; path = APIManager.swift; sourceTree = "<group>"; };
		AA5E572E2121BB0B00BA5449 /* Venues.app */ = {isa = PBXFileReference; explicitFileType = wrapper.application; includeInIndex = 0; path = Venues.app; sourceTree = BUILT_PRODUCTS_DIR; };
		AA5E57312121BB0B00BA5449 /* AppDelegate.swift */ = {isa = PBXFileReference; lastKnownFileType = sourcecode.swift; path = AppDelegate.swift; sourceTree = "<group>"; };
		AA5E57362121BB0B00BA5449 /* Base */ = {isa = PBXFileReference; lastKnownFileType = file.storyboard; name = Base; path = Base.lproj/Main.storyboard; sourceTree = "<group>"; };
		AA5E573B2121BB0F00BA5449 /* Base */ = {isa = PBXFileReference; lastKnownFileType = file.storyboard; name = Base; path = Base.lproj/LaunchScreen.storyboard; sourceTree = "<group>"; };
		AA5E573D2121BB0F00BA5449 /* Info.plist */ = {isa = PBXFileReference; lastKnownFileType = text.plist.xml; path = Info.plist; sourceTree = "<group>"; };
		AACB1E9621256F3B00A51B4B /* ExMKMapView.swift */ = {isa = PBXFileReference; lastKnownFileType = sourcecode.swift; path = ExMKMapView.swift; sourceTree = "<group>"; };
		AACB1E9821256F8400A51B4B /* ExUIImage.swift */ = {isa = PBXFileReference; lastKnownFileType = sourcecode.swift; path = ExUIImage.swift; sourceTree = "<group>"; };
		AACB1E9A2125778C00A51B4B /* ExUIView.swift */ = {isa = PBXFileReference; lastKnownFileType = sourcecode.swift; path = ExUIView.swift; sourceTree = "<group>"; };
		AACB1E9C21271A1800A51B4B /* UIColor.swift */ = {isa = PBXFileReference; lastKnownFileType = sourcecode.swift; path = UIColor.swift; sourceTree = "<group>"; };
		E7D5E1002124880700261725 /* CustomAnnotation.swift */ = {isa = PBXFileReference; lastKnownFileType = sourcecode.swift; path = CustomAnnotation.swift; sourceTree = "<group>"; };
		E7D5E10221249EB200261725 /* Assets.xcassets */ = {isa = PBXFileReference; lastKnownFileType = folder.assetcatalog; path = Assets.xcassets; sourceTree = "<group>"; };
		F92938F3C3418B7F6092FA1F /* Pods-Venues.debug.xcconfig */ = {isa = PBXFileReference; includeInIndex = 1; lastKnownFileType = text.xcconfig; name = "Pods-Venues.debug.xcconfig"; path = "Pods/Target Support Files/Pods-Venues/Pods-Venues.debug.xcconfig"; sourceTree = "<group>"; };
/* End PBXFileReference section */

/* Begin PBXFrameworksBuildPhase section */
		AA5E572B2121BB0B00BA5449 /* Frameworks */ = {
			isa = PBXFrameworksBuildPhase;
			buildActionMask = 2147483647;
			files = (
				9E794C782175FA83F1291D13 /* Pods_Venues.framework in Frameworks */,
			);
			runOnlyForDeploymentPostprocessing = 0;
		};
/* End PBXFrameworksBuildPhase section */

/* Begin PBXGroup section */
		949836038D7B3C3E2C8C93DE /* Pods */ = {
			isa = PBXGroup;
			children = (
				F92938F3C3418B7F6092FA1F /* Pods-Venues.debug.xcconfig */,
				356EEBAFB954359785DDF68B /* Pods-Venues.release.xcconfig */,
			);
			name = Pods;
			sourceTree = "<group>";
		};
		AA4FFC332122C4580007A08B /* Models */ = {
			isa = PBXGroup;
			children = (
				AA4FFC452122D1640007A08B /* VenueList.swift */,
				AA4FFC382122CBAB0007A08B /* Venue.swift */,
				AA4FFC3A2122CDE60007A08B /* Contact.swift */,
				AA4FFC3C2122CED60007A08B /* Location.swift */,
				AA4FFC432122D0DA0007A08B /* Hours.swift */,
				AA4FFC3E2122CFBF0007A08B /* Category.swift */,
				AA4FFC412122D0800007A08B /* Icon.swift */,
			);
			path = Models;
			sourceTree = "<group>";
		};
		AA4FFC342122C4630007A08B /* Views */ = {
			isa = PBXGroup;
			children = (
				AA5E57352121BB0B00BA5449 /* Main.storyboard */,
			);
			path = Views;
			sourceTree = "<group>";
		};
		AA4FFC352122C46C0007A08B /* Scenes */ = {
			isa = PBXGroup;
			children = (
				AA4FFC362122C9D00007A08B /* Map */,
				AA4FFC372122C9E90007A08B /* Details */,
			);
			path = Scenes;
			sourceTree = "<group>";
		};
		AA4FFC362122C9D00007A08B /* Map */ = {
			isa = PBXGroup;
			children = (
				E7D5E0FF212487FB00261725 /* Annotation */,
				AA4FFC472122D2F80007A08B /* MapModels.swift */,
				AA4FFC492122D30A0007A08B /* MapViewController.swift */,
				AA4FFC4B2122D32A0007A08B /* MapInteractor.swift */,
				AA4FFC4D2122D33D0007A08B /* MapWorker.swift */,
				AA4FFC4F2122D3530007A08B /* MapPresenter.swift */,
				AA4FFC512122D36C0007A08B /* MapRouter.swift */,
			);
			path = Map;
			sourceTree = "<group>";
		};
		AA4FFC372122C9E90007A08B /* Details */ = {
			isa = PBXGroup;
			children = (
				AA4FFC532122D3E00007A08B /* DetailsModel.swift */,
				AA4FFC552122D3ED0007A08B /* DetailsViewController.swift */,
				AA4FFC572122D3FC0007A08B /* DetailsInteractor.swift */,
				AA4FFC592122D4080007A08B /* DetailsWorker.swift */,
				AA4FFC5B2122D4140007A08B /* DetailsPresenter.swift */,
				AA4FFC5D2122D41C0007A08B /* DetailsRouter.swift */,
			);
			path = Details;
			sourceTree = "<group>";
		};
		AA4FFC60212321210007A08B /* API */ = {
			isa = PBXGroup;
			children = (
				AA4FFC612123213D0007A08B /* APIManager.swift */,
			);
			path = API;
			sourceTree = "<group>";
		};
		AA5E57252121BB0B00BA5449 = {
			isa = PBXGroup;
			children = (
				AA5E57302121BB0B00BA5449 /* Venues */,
				AA5E572F2121BB0B00BA5449 /* Products */,
				949836038D7B3C3E2C8C93DE /* Pods */,
				FF3EE42C030856B89D353396 /* Frameworks */,
			);
			sourceTree = "<group>";
		};
		AA5E572F2121BB0B00BA5449 /* Products */ = {
			isa = PBXGroup;
			children = (
				AA5E572E2121BB0B00BA5449 /* Venues.app */,
			);
			name = Products;
			sourceTree = "<group>";
		};
		AA5E57302121BB0B00BA5449 /* Venues */ = {
			isa = PBXGroup;
			children = (
				AACB1E9521256F2500A51B4B /* Utils */,
				AA4FFC60212321210007A08B /* API */,
				AA4FFC332122C4580007A08B /* Models */,
				AA4FFC342122C4630007A08B /* Views */,
				AA4FFC352122C46C0007A08B /* Scenes */,
				AA5E57312121BB0B00BA5449 /* AppDelegate.swift */,
				AA5E573A2121BB0F00BA5449 /* LaunchScreen.storyboard */,
				E7D5E10221249EB200261725 /* Assets.xcassets */,
				AA5E573D2121BB0F00BA5449 /* Info.plist */,
			);
			path = Venues;
			sourceTree = "<group>";
		};
		AACB1E9521256F2500A51B4B /* Utils */ = {
			isa = PBXGroup;
			children = (
				AACB1E9621256F3B00A51B4B /* ExMKMapView.swift */,
				AACB1E9821256F8400A51B4B /* ExUIImage.swift */,
				AACB1E9A2125778C00A51B4B /* ExUIView.swift */,
				AACB1E9C21271A1800A51B4B /* UIColor.swift */,
				AA1E128E212AB39500F39DB8 /* EXUIViewController.swift */,
				AA1E1290212AFB2700F39DB8 /* ExDouble.swift */,
			);
			path = Utils;
			sourceTree = "<group>";
		};
		E7D5E0FF212487FB00261725 /* Annotation */ = {
			isa = PBXGroup;
			children = (
				E7D5E1002124880700261725 /* CustomAnnotation.swift */,
			);
			path = Annotation;
			sourceTree = "<group>";
		};
		FF3EE42C030856B89D353396 /* Frameworks */ = {
			isa = PBXGroup;
			children = (
				4A1F38E785753F71A6B4C0E4 /* Pods_Venues.framework */,
			);
			name = Frameworks;
			sourceTree = "<group>";
		};
/* End PBXGroup section */

/* Begin PBXNativeTarget section */
		AA5E572D2121BB0B00BA5449 /* Venues */ = {
			isa = PBXNativeTarget;
			buildConfigurationList = AA5E57402121BB0F00BA5449 /* Build configuration list for PBXNativeTarget "Venues" */;
			buildPhases = (
				6711E97B0EC73EE6F4646725 /* [CP] Check Pods Manifest.lock */,
				AA5E572A2121BB0B00BA5449 /* Sources */,
				AA5E572B2121BB0B00BA5449 /* Frameworks */,
				AA5E572C2121BB0B00BA5449 /* Resources */,
				2BF07E10727EC6A1B6E335C9 /* [CP] Embed Pods Frameworks */,
			);
			buildRules = (
			);
			dependencies = (
			);
			name = Venues;
			productName = Venues;
			productReference = AA5E572E2121BB0B00BA5449 /* Venues.app */;
			productType = "com.apple.product-type.application";
		};
/* End PBXNativeTarget section */

/* Begin PBXProject section */
		AA5E57262121BB0B00BA5449 /* Project object */ = {
			isa = PBXProject;
			attributes = {
				LastSwiftUpdateCheck = 0940;
				LastUpgradeCheck = 0940;
				ORGANIZATIONNAME = "Fabrice FROEHLY";
				TargetAttributes = {
					AA5E572D2121BB0B00BA5449 = {
						CreatedOnToolsVersion = 9.4.1;
					};
				};
			};
			buildConfigurationList = AA5E57292121BB0B00BA5449 /* Build configuration list for PBXProject "Venues" */;
			compatibilityVersion = "Xcode 9.3";
			developmentRegion = en;
			hasScannedForEncodings = 0;
			knownRegions = (
				en,
				Base,
			);
			mainGroup = AA5E57252121BB0B00BA5449;
			productRefGroup = AA5E572F2121BB0B00BA5449 /* Products */;
			projectDirPath = "";
			projectRoot = "";
			targets = (
				AA5E572D2121BB0B00BA5449 /* Venues */,
			);
		};
/* End PBXProject section */

/* Begin PBXResourcesBuildPhase section */
		AA5E572C2121BB0B00BA5449 /* Resources */ = {
			isa = PBXResourcesBuildPhase;
			buildActionMask = 2147483647;
			files = (
				AA5E573C2121BB0F00BA5449 /* LaunchScreen.storyboard in Resources */,
				E7D5E10321249EB200261725 /* Assets.xcassets in Resources */,
				AA5E57372121BB0B00BA5449 /* Main.storyboard in Resources */,
			);
			runOnlyForDeploymentPostprocessing = 0;
		};
/* End PBXResourcesBuildPhase section */

/* Begin PBXShellScriptBuildPhase section */
		2BF07E10727EC6A1B6E335C9 /* [CP] Embed Pods Frameworks */ = {
			isa = PBXShellScriptBuildPhase;
			buildActionMask = 2147483647;
			files = (
			);
			inputPaths = (
				"${SRCROOT}/Pods/Target Support Files/Pods-Venues/Pods-Venues-frameworks.sh",
				"${BUILT_PRODUCTS_DIR}/Alamofire/Alamofire.framework",
				"${BUILT_PRODUCTS_DIR}/Cluster/Cluster.framework",
				"${BUILT_PRODUCTS_DIR}/Cosmos/Cosmos.framework",
				"${BUILT_PRODUCTS_DIR}/Presentr/Presentr.framework",
				"${BUILT_PRODUCTS_DIR}/SDWebImage/SDWebImage.framework",
			);
			name = "[CP] Embed Pods Frameworks";
			outputPaths = (
				"${TARGET_BUILD_DIR}/${FRAMEWORKS_FOLDER_PATH}/Alamofire.framework",
				"${TARGET_BUILD_DIR}/${FRAMEWORKS_FOLDER_PATH}/Cluster.framework",
				"${TARGET_BUILD_DIR}/${FRAMEWORKS_FOLDER_PATH}/Cosmos.framework",
				"${TARGET_BUILD_DIR}/${FRAMEWORKS_FOLDER_PATH}/Presentr.framework",
				"${TARGET_BUILD_DIR}/${FRAMEWORKS_FOLDER_PATH}/SDWebImage.framework",
			);
			runOnlyForDeploymentPostprocessing = 0;
			shellPath = /bin/sh;
			shellScript = "\"${SRCROOT}/Pods/Target Support Files/Pods-Venues/Pods-Venues-frameworks.sh\"\n";
			showEnvVarsInLog = 0;
		};
		6711E97B0EC73EE6F4646725 /* [CP] Check Pods Manifest.lock */ = {
			isa = PBXShellScriptBuildPhase;
			buildActionMask = 2147483647;
			files = (
			);
			inputPaths = (
				"${PODS_PODFILE_DIR_PATH}/Podfile.lock",
				"${PODS_ROOT}/Manifest.lock",
			);
			name = "[CP] Check Pods Manifest.lock";
			outputPaths = (
				"$(DERIVED_FILE_DIR)/Pods-Venues-checkManifestLockResult.txt",
			);
			runOnlyForDeploymentPostprocessing = 0;
			shellPath = /bin/sh;
			shellScript = "diff \"${PODS_PODFILE_DIR_PATH}/Podfile.lock\" \"${PODS_ROOT}/Manifest.lock\" > /dev/null\nif [ $? != 0 ] ; then\n    # print error to STDERR\n    echo \"error: The sandbox is not in sync with the Podfile.lock. Run 'pod install' or update your CocoaPods installation.\" >&2\n    exit 1\nfi\n# This output is used by Xcode 'outputs' to avoid re-running this script phase.\necho \"SUCCESS\" > \"${SCRIPT_OUTPUT_FILE_0}\"\n";
			showEnvVarsInLog = 0;
		};
/* End PBXShellScriptBuildPhase section */

/* Begin PBXSourcesBuildPhase section */
		AA5E572A2121BB0B00BA5449 /* Sources */ = {
			isa = PBXSourcesBuildPhase;
			buildActionMask = 2147483647;
			files = (
				AACB1E9921256F8400A51B4B /* ExUIImage.swift in Sources */,
				AA1E1291212AFB2700F39DB8 /* ExDouble.swift in Sources */,
				AA4FFC422122D0800007A08B /* Icon.swift in Sources */,
				AA4FFC462122D1640007A08B /* VenueList.swift in Sources */,
				AA4FFC502122D3530007A08B /* MapPresenter.swift in Sources */,
				AA4FFC4E2122D33D0007A08B /* MapWorker.swift in Sources */,
				AACB1E9B2125778C00A51B4B /* ExUIView.swift in Sources */,
				AA4FFC5A2122D4080007A08B /* DetailsWorker.swift in Sources */,
				AA4FFC582122D3FC0007A08B /* DetailsInteractor.swift in Sources */,
				AA4FFC622123213D0007A08B /* APIManager.swift in Sources */,
				AACB1E9D21271A1800A51B4B /* UIColor.swift in Sources */,
				AA4FFC3B2122CDE60007A08B /* Contact.swift in Sources */,
				AA4FFC4A2122D30A0007A08B /* MapViewController.swift in Sources */,
				AA4FFC3F2122CFBF0007A08B /* Category.swift in Sources */,
				AA4FFC5C2122D4140007A08B /* DetailsPresenter.swift in Sources */,
				AA5E57322121BB0B00BA5449 /* AppDelegate.swift in Sources */,
				AA4FFC4C2122D32A0007A08B /* MapInteractor.swift in Sources */,
				AA4FFC482122D2F80007A08B /* MapModels.swift in Sources */,
				AA4FFC5E2122D41C0007A08B /* DetailsRouter.swift in Sources */,
				AA1E128F212AB39500F39DB8 /* EXUIViewController.swift in Sources */,
				AA4FFC442122D0DA0007A08B /* Hours.swift in Sources */,
				AA4FFC562122D3ED0007A08B /* DetailsViewController.swift in Sources */,
				E7D5E1012124880700261725 /* CustomAnnotation.swift in Sources */,
				AA4FFC522122D36C0007A08B /* MapRouter.swift in Sources */,
				AA4FFC3D2122CED60007A08B /* Location.swift in Sources */,
				AA4FFC542122D3E00007A08B /* DetailsModel.swift in Sources */,
				AACB1E9721256F3B00A51B4B /* ExMKMapView.swift in Sources */,
				AA4FFC392122CBAB0007A08B /* Venue.swift in Sources */,
			);
			runOnlyForDeploymentPostprocessing = 0;
		};
/* End PBXSourcesBuildPhase section */

/* Begin PBXVariantGroup section */
		AA5E57352121BB0B00BA5449 /* Main.storyboard */ = {
			isa = PBXVariantGroup;
			children = (
				AA5E57362121BB0B00BA5449 /* Base */,
			);
			name = Main.storyboard;
			sourceTree = "<group>";
		};
		AA5E573A2121BB0F00BA5449 /* LaunchScreen.storyboard */ = {
			isa = PBXVariantGroup;
			children = (
				AA5E573B2121BB0F00BA5449 /* Base */,
			);
			name = LaunchScreen.storyboard;
			sourceTree = "<group>";
		};
/* End PBXVariantGroup section */

/* Begin XCBuildConfiguration section */
		AA5E573E2121BB0F00BA5449 /* Debug */ = {
			isa = XCBuildConfiguration;
			buildSettings = {
				ALWAYS_SEARCH_USER_PATHS = NO;
				CLANG_ANALYZER_NONNULL = YES;
				CLANG_ANALYZER_NUMBER_OBJECT_CONVERSION = YES_AGGRESSIVE;
				CLANG_CXX_LANGUAGE_STANDARD = "gnu++14";
				CLANG_CXX_LIBRARY = "libc++";
				CLANG_ENABLE_MODULES = YES;
				CLANG_ENABLE_OBJC_ARC = YES;
				CLANG_ENABLE_OBJC_WEAK = YES;
				CLANG_WARN_BLOCK_CAPTURE_AUTORELEASING = YES;
				CLANG_WARN_BOOL_CONVERSION = YES;
				CLANG_WARN_COMMA = YES;
				CLANG_WARN_CONSTANT_CONVERSION = YES;
				CLANG_WARN_DEPRECATED_OBJC_IMPLEMENTATIONS = YES;
				CLANG_WARN_DIRECT_OBJC_ISA_USAGE = YES_ERROR;
				CLANG_WARN_DOCUMENTATION_COMMENTS = YES;
				CLANG_WARN_EMPTY_BODY = YES;
				CLANG_WARN_ENUM_CONVERSION = YES;
				CLANG_WARN_INFINITE_RECURSION = YES;
				CLANG_WARN_INT_CONVERSION = YES;
				CLANG_WARN_NON_LITERAL_NULL_CONVERSION = YES;
				CLANG_WARN_OBJC_IMPLICIT_RETAIN_SELF = YES;
				CLANG_WARN_OBJC_LITERAL_CONVERSION = YES;
				CLANG_WARN_OBJC_ROOT_CLASS = YES_ERROR;
				CLANG_WARN_RANGE_LOOP_ANALYSIS = YES;
				CLANG_WARN_STRICT_PROTOTYPES = YES;
				CLANG_WARN_SUSPICIOUS_MOVE = YES;
				CLANG_WARN_UNGUARDED_AVAILABILITY = YES_AGGRESSIVE;
				CLANG_WARN_UNREACHABLE_CODE = YES;
				CLANG_WARN__DUPLICATE_METHOD_MATCH = YES;
				CODE_SIGN_IDENTITY = "iPhone Developer";
				COPY_PHASE_STRIP = NO;
				DEBUG_INFORMATION_FORMAT = dwarf;
				ENABLE_STRICT_OBJC_MSGSEND = YES;
				ENABLE_TESTABILITY = YES;
				GCC_C_LANGUAGE_STANDARD = gnu11;
				GCC_DYNAMIC_NO_PIC = NO;
				GCC_NO_COMMON_BLOCKS = YES;
				GCC_OPTIMIZATION_LEVEL = 0;
				GCC_PREPROCESSOR_DEFINITIONS = (
					"DEBUG=1",
					"$(inherited)",
				);
				GCC_WARN_64_TO_32_BIT_CONVERSION = YES;
				GCC_WARN_ABOUT_RETURN_TYPE = YES_ERROR;
				GCC_WARN_UNDECLARED_SELECTOR = YES;
				GCC_WARN_UNINITIALIZED_AUTOS = YES_AGGRESSIVE;
				GCC_WARN_UNUSED_FUNCTION = YES;
				GCC_WARN_UNUSED_VARIABLE = YES;
				IPHONEOS_DEPLOYMENT_TARGET = 11.4;
				MTL_ENABLE_DEBUG_INFO = YES;
				ONLY_ACTIVE_ARCH = YES;
				SDKROOT = iphoneos;
				SWIFT_ACTIVE_COMPILATION_CONDITIONS = DEBUG;
				SWIFT_OPTIMIZATION_LEVEL = "-Onone";
			};
			name = Debug;
		};
		AA5E573F2121BB0F00BA5449 /* Release */ = {
			isa = XCBuildConfiguration;
			buildSettings = {
				ALWAYS_SEARCH_USER_PATHS = NO;
				CLANG_ANALYZER_NONNULL = YES;
				CLANG_ANALYZER_NUMBER_OBJECT_CONVERSION = YES_AGGRESSIVE;
				CLANG_CXX_LANGUAGE_STANDARD = "gnu++14";
				CLANG_CXX_LIBRARY = "libc++";
				CLANG_ENABLE_MODULES = YES;
				CLANG_ENABLE_OBJC_ARC = YES;
				CLANG_ENABLE_OBJC_WEAK = YES;
				CLANG_WARN_BLOCK_CAPTURE_AUTORELEASING = YES;
				CLANG_WARN_BOOL_CONVERSION = YES;
				CLANG_WARN_COMMA = YES;
				CLANG_WARN_CONSTANT_CONVERSION = YES;
				CLANG_WARN_DEPRECATED_OBJC_IMPLEMENTATIONS = YES;
				CLANG_WARN_DIRECT_OBJC_ISA_USAGE = YES_ERROR;
				CLANG_WARN_DOCUMENTATION_COMMENTS = YES;
				CLANG_WARN_EMPTY_BODY = YES;
				CLANG_WARN_ENUM_CONVERSION = YES;
				CLANG_WARN_INFINITE_RECURSION = YES;
				CLANG_WARN_INT_CONVERSION = YES;
				CLANG_WARN_NON_LITERAL_NULL_CONVERSION = YES;
				CLANG_WARN_OBJC_IMPLICIT_RETAIN_SELF = YES;
				CLANG_WARN_OBJC_LITERAL_CONVERSION = YES;
				CLANG_WARN_OBJC_ROOT_CLASS = YES_ERROR;
				CLANG_WARN_RANGE_LOOP_ANALYSIS = YES;
				CLANG_WARN_STRICT_PROTOTYPES = YES;
				CLANG_WARN_SUSPICIOUS_MOVE = YES;
				CLANG_WARN_UNGUARDED_AVAILABILITY = YES_AGGRESSIVE;
				CLANG_WARN_UNREACHABLE_CODE = YES;
				CLANG_WARN__DUPLICATE_METHOD_MATCH = YES;
				CODE_SIGN_IDENTITY = "iPhone Developer";
				COPY_PHASE_STRIP = NO;
				DEBUG_INFORMATION_FORMAT = "dwarf-with-dsym";
				ENABLE_NS_ASSERTIONS = NO;
				ENABLE_STRICT_OBJC_MSGSEND = YES;
				GCC_C_LANGUAGE_STANDARD = gnu11;
				GCC_NO_COMMON_BLOCKS = YES;
				GCC_WARN_64_TO_32_BIT_CONVERSION = YES;
				GCC_WARN_ABOUT_RETURN_TYPE = YES_ERROR;
				GCC_WARN_UNDECLARED_SELECTOR = YES;
				GCC_WARN_UNINITIALIZED_AUTOS = YES_AGGRESSIVE;
				GCC_WARN_UNUSED_FUNCTION = YES;
				GCC_WARN_UNUSED_VARIABLE = YES;
				IPHONEOS_DEPLOYMENT_TARGET = 11.4;
				MTL_ENABLE_DEBUG_INFO = NO;
				SDKROOT = iphoneos;
				SWIFT_COMPILATION_MODE = wholemodule;
				SWIFT_OPTIMIZATION_LEVEL = "-O";
				VALIDATE_PRODUCT = YES;
			};
			name = Release;
		};
		AA5E57412121BB0F00BA5449 /* Debug */ = {
			isa = XCBuildConfiguration;
			baseConfigurationReference = F92938F3C3418B7F6092FA1F /* Pods-Venues.debug.xcconfig */;
			buildSettings = {
				ASSETCATALOG_COMPILER_APPICON_NAME = AppIcon;
				CODE_SIGN_STYLE = Automatic;
				DEVELOPMENT_TEAM = 6T8B3V6FD3;
				INFOPLIST_FILE = Venues/Info.plist;
				LD_RUNPATH_SEARCH_PATHS = (
					"$(inherited)",
					"@executable_path/Frameworks",
				);
				PRODUCT_BUNDLE_IDENTIFIER = com.viveris.fabrice.project.Venues;
				PRODUCT_NAME = "$(TARGET_NAME)";
				SWIFT_VERSION = 4.0;
				TARGETED_DEVICE_FAMILY = "1,2";
			};
			name = Debug;
		};
		AA5E57422121BB0F00BA5449 /* Release */ = {
			isa = XCBuildConfiguration;
			baseConfigurationReference = 356EEBAFB954359785DDF68B /* Pods-Venues.release.xcconfig */;
			buildSettings = {
				ASSETCATALOG_COMPILER_APPICON_NAME = AppIcon;
				CODE_SIGN_STYLE = Automatic;
				DEVELOPMENT_TEAM = 6T8B3V6FD3;
				INFOPLIST_FILE = Venues/Info.plist;
				LD_RUNPATH_SEARCH_PATHS = (
					"$(inherited)",
					"@executable_path/Frameworks",
				);
				PRODUCT_BUNDLE_IDENTIFIER = com.viveris.fabrice.project.Venues;
				PRODUCT_NAME = "$(TARGET_NAME)";
				SWIFT_VERSION = 4.0;
				TARGETED_DEVICE_FAMILY = "1,2";
			};
			name = Release;
		};
/* End XCBuildConfiguration section */

/* Begin XCConfigurationList section */
		AA5E57292121BB0B00BA5449 /* Build configuration list for PBXProject "Venues" */ = {
			isa = XCConfigurationList;
			buildConfigurations = (
				AA5E573E2121BB0F00BA5449 /* Debug */,
				AA5E573F2121BB0F00BA5449 /* Release */,
			);
			defaultConfigurationIsVisible = 0;
			defaultConfigurationName = Release;
		};
		AA5E57402121BB0F00BA5449 /* Build configuration list for PBXNativeTarget "Venues" */ = {
			isa = XCConfigurationList;
			buildConfigurations = (
				AA5E57412121BB0F00BA5449 /* Debug */,
				AA5E57422121BB0F00BA5449 /* Release */,
			);
			defaultConfigurationIsVisible = 0;
			defaultConfigurationName = Release;
		};
/* End XCConfigurationList section */
	};
	rootObject = AA5E57262121BB0B00BA5449 /* Project object */;
}
